{
  "name": "@ideanick/shared",
  "version": "0.0.0",
  "lockfileVersion": 3,
  "requires": true,
  "packages": {
    "": {
      "name": "@ideanick/shared",
      "version": "0.0.0",
      "dependencies": {
        "lodash": "^4.17.21",
        "zod": "^3.21.4"
      },
      "devDependencies": {
        "@types/lodash": "^4.17.21",
        "@types/node": "20.3.1"
      }
    },
    "node_modules/@types/lodash": {
      "version": "4.17.21",
      "resolved": "https://registry.npmjs.org/@types/lodash/-/lodash-4.17.21.tgz",
      "integrity": "sha512-FOvQ0YPD5NOfPgMzJihoT+Za5pdkDJWcbpuj1DjaKZIr/gxodQjY/uWEFlTNqW2ugXHUiL8lRQgw63dzKHZdeQ==",
      "dev": true,
      "license": "MIT"
    },
    "node_modules/@types/node": {
      "version": "20.3.1",
      "resolved": "https://registry.npmjs.org/@types/node/-/node-20.3.1.tgz",
      "integrity": "sha512-EhcH/wvidPy1WeML3TtYFGR83UzjxeWRen9V402T8aUGYsCHOmfoisV3ZSg03gAFIbLq8TnWOJ0f4cALtnSEUg==",
      "dev": true,
      "license": "MIT"
    },
    "node_modules/lodash": {
      "version": "4.17.21",
      "resolved": "https://registry.npmjs.org/lodash/-/lodash-4.17.21.tgz",
      "integrity": "sha512-v2kDEe57lecTulaDIuNTPy3Ry4gLGJ6Z1O3vE1krgXZNrsQ+LFTGHVxVjcXPs17LhbZVGedAJv8XZ1tvj5FvSg==",
      "license": "MIT"
    },
    "node_modules/zod": {
      "version": "3.25.76",
      "resolved": "https://registry.npmjs.org/zod/-/zod-3.25.76.tgz",
      "integrity": "sha512-gzUt/qt81nXsFGKIFcC3YnfEAx5NkunCfnDlvuBSSFS02bcXu4Lmea0AFIUwbLWxWPx3d9p8S5QoaujKcNQxcQ==",
      "license": "MIT",
      "funding": {
        "url": "https://github.com/sponsors/colinhacks"
      }
    }
  }
}
